# THIS IS AN AUTOGENERATED FILE. DO NOT EDIT THIS FILE DIRECTLY.
# yarn lockfile v1


"@types/lodash@^4.14.168":
  version "4.14.168"
  resolved "https://registry.npmjs.org/@types/lodash/-/lodash-4.14.168.tgz#fe24632e79b7ade3f132891afff86caa5e5ce008"
  integrity sha512-oVfRvqHV/V6D1yifJbVRU3TMp8OT6o6BG+U9MkwuJ3U8/CsDHvalRpsxBqivn71ztOFZBTfJMvETbqHiaNSj7Q==

"@types/node@^14.14.37":
  version "14.14.37"
  resolved "https://registry.npmjs.org/@types/node/-/node-14.14.37.tgz#a3dd8da4eb84a996c36e331df98d82abd76b516e"
  integrity sha512-XYmBiy+ohOR4Lh5jE379fV2IU+6Jn4g5qASinhitfyO71b/sCo6MKsMLF5tc7Zf2CE8hViVQyYSobJNke8OvUw==

axios@^0.21.1:
  version "0.21.1"
  resolved "https://registry.npmjs.org/axios/-/axios-0.21.1.tgz#22563481962f4d6bde9a76d516ef0e5d3c09b2b8"
  integrity sha512-dKQiRHxGD9PPRIUNIWvZhPTPpl1rf/OxTYKsqKUDjBwYylTvV7SjSHJb9ratfyzM6wCdLCOYLzs73qpg5c4iGA==
  dependencies:
    follow-redirects "^1.10.0"

coa-echo@^1.0.8:
  version "1.0.8"
  resolved "https://registry.npmjs.org/coa-echo/-/coa-echo-1.0.8.tgz#0347b947d37d68d03b9058f822dc0f65499210a8"
  integrity sha512-0ap+N+merkETH4QzP81GTUv96t7SWfwiYrhhxW+kmR6Te7GculaklomRsmgBN//5lIif5Gd/OCt8l8r7igrfMA==

coa-env@^1.1.1:
  version "1.1.1"
  resolved "https://registry.npmjs.org/coa-env/-/coa-env-1.1.1.tgz#fd2b8ca129e483e476cb41dad387c527722b7d73"
  integrity sha512-higE13mjWs9F9p0ZhLBHcObnC4rfyeqo5tZ2OTzcEMnOtRmgwk2Zo+O6UUii3XNlgAHrr4IRloroIEtGjBp7ZQ==
  dependencies:
    coa-error "^1.1.3"

coa-error@^1.1.3:
  version "1.1.3"
  resolved "https://registry.npmjs.org/coa-error/-/coa-error-1.1.3.tgz#4acce65aca25273eb474ce16454ef7cb84b07401"
  integrity sha512-StJ7Qepm9UZ4DMbxTzPCdmdT/9M0Czl0hKZ/OlORMYWJJctxV0rjyE8DBet7wyEwnQjO8Sk3NU6jr7kXx9SVVw==

coa-helper@^1.1.1:
  version "1.1.1"
  resolved "https://registry.npmjs.org/coa-helper/-/coa-helper-1.1.1.tgz#d38684b0561b9aa6ad5c5c2216c72c59623f030c"
  integrity sha512-ccgn/sJuzPjmtUJWHmO9+xmNSzBPefGAhEip3S5c9P5wzO7MWlLPRFE5Ye0alyP6fWRHn0/SnqrGKbkAcI+XoA==
  dependencies:
    "@types/lodash" "^4.14.168"
    axios "^0.21.1"
    dayjs "^1.10.4"
    hashids "^2.2.8"
    lodash "^4.17.21"

coa-secure@^1.1.2:
  version "1.1.2"
  resolved "https://registry.npmjs.org/coa-secure/-/coa-secure-1.1.2.tgz#4c5413db2671aa19d0cd4440cb22da84eaaf8b12"
  integrity sha512-Fw+mhNWhgsT2cQY4S9UqgxXMm8JgheRTURVl64n2RX+OV1ahgnM8zGHJ+5eUZ8g7GcW45iy9VAgIHdt9CIv30w==

dayjs@^1.10.4:
  version "1.10.4"
  resolved "https://registry.npmjs.org/dayjs/-/dayjs-1.10.4.tgz#8e544a9b8683f61783f570980a8a80eaf54ab1e2"
  integrity sha512-RI/Hh4kqRc1UKLOAf/T5zdMMX5DQIlDxwUe3wSyMMnEbGunnpENCdbUgM+dW7kXidZqCttBrmw7BhN4TMddkCw==

follow-redirects@^1.10.0:
  version "1.13.3"
  resolved "https://registry.npmjs.org/follow-redirects/-/follow-redirects-1.13.3.tgz#e5598ad50174c1bc4e872301e82ac2cd97f90267"
  integrity sha512-DUgl6+HDzB0iEptNQEXLx/KhTmDb8tZUHSeLqpnjpknR70H0nC2t9N73BK6fN4hOvJ84pKlIQVQ4k5FFlBedKA==

hashids@^2.2.8:
  version "2.2.8"
  resolved "https://registry.npmjs.org/hashids/-/hashids-2.2.8.tgz#d1e4e1be48e711ad6e5f27b32c37c399d5eeb5b4"
  integrity sha512-OI6rsk/OqyX60nBsqxnNl3R7CDv9eMOgxzipshZwXE6cUcBcEyHf8rNDlWVdQJZK3TEynILYybCsNUEQfJsdLA==

lodash@^4.17.21:
  version "4.17.21"
  resolved "https://registry.npmjs.org/lodash/-/lodash-4.17.21.tgz#679591c564c3bffaae8454cf0b3df370c3d6911c"
  integrity sha512-v2kDEe57lecTulaDIuNTPy3Ry4gLGJ6Z1O3vE1krgXZNrsQ+LFTGHVxVjcXPs17LhbZVGedAJv8XZ1tvj5FvSg==

typescript@^4.2.4:
  version "4.2.4"
  resolved "https://registry.npmjs.org/typescript/-/typescript-4.2.4.tgz#8610b59747de028fda898a8aef0e103f156d0961"
  integrity sha512-V+evlYHZnQkaz8TRBuxTA92yZBPotr5H+WhQ7bD3hZUndx5tGOa1fuCgeSjxAzM1RiN5IzvadIXTVefuuwZCRg==
