# THIS IS AN AUTOGENERATED FILE. DO NOT EDIT THIS FILE DIRECTLY.
# yarn lockfile v1


"@types/lodash@^4.14.168":
  version "4.14.168"
  resolved "https://registry.npm.taobao.org/@types/lodash/download/@types/lodash-4.14.168.tgz?cache=0&sync_timestamp=1613379246862&other_urls=https%3A%2F%2Fregistry.npm.taobao.org%2F%40types%2Flodash%2Fdownload%2F%40types%2Flodash-4.14.168.tgz#fe24632e79b7ade3f132891afff86caa5e5ce008"
  integrity sha1-/iRjLnm3rePxMoka//hsql5c4Ag=

"@types/node@^14.14.34":
  version "14.14.34"
  resolved "https://registry.npm.taobao.org/@types/node/download/@types/node-14.14.34.tgz#07935194fc049069a1c56c0c274265abeddf88da"
  integrity sha1-B5NRlPwEkGmhxWwMJ0Jlq+3fiNo=

axios@^0.21.1:
  version "0.21.1"
  resolved "https://registry.npm.taobao.org/axios/download/axios-0.21.1.tgz?cache=0&sync_timestamp=1608611162952&other_urls=https%3A%2F%2Fregistry.npm.taobao.org%2Faxios%2Fdownload%2Faxios-0.21.1.tgz#22563481962f4d6bde9a76d516ef0e5d3c09b2b8"
  integrity sha1-IlY0gZYvTWvemnbVFu8OXTwJsrg=
  dependencies:
    follow-redirects "^1.10.0"

buffer-from@^1.0.0:
  version "1.1.1"
  resolved "https://registry.npm.taobao.org/buffer-from/download/buffer-from-1.1.1.tgz#32713bc028f75c02fdb710d7c7bcec1f2c6070ef"
  integrity sha1-MnE7wCj3XAL9txDXx7zsHyxgcO8=

coa-echo@^1.0.8:
  version "1.0.8"
  resolved "https://registry.npm.taobao.org/coa-echo/download/coa-echo-1.0.8.tgz#0347b947d37d68d03b9058f822dc0f65499210a8"
  integrity sha1-A0e5R9N9aNA7kFj4ItwPZUmSEKg=

coa-env@^1.1.1:
  version "1.1.1"
  resolved "https://registry.npm.taobao.org/coa-env/download/coa-env-1.1.1.tgz#fd2b8ca129e483e476cb41dad387c527722b7d73"
  integrity sha1-/SuMoSnkg+R2y0Ha04fFJ3IrfXM=
  dependencies:
    coa-error "^1.1.3"

coa-error@^1.1.3:
  version "1.1.3"
  resolved "https://registry.npm.taobao.org/coa-error/download/coa-error-1.1.3.tgz#4acce65aca25273eb474ce16454ef7cb84b07401"
  integrity sha1-SszmWsolJz60dM4WRU73y4SwdAE=

coa-helper@^1.1.1:
  version "1.1.1"
  resolved "https://registry.npm.taobao.org/coa-helper/download/coa-helper-1.1.1.tgz#d38684b0561b9aa6ad5c5c2216c72c59623f030c"
  integrity sha1-04aEsFYbmqatXFwiFscsWWI/Aww=
  dependencies:
    "@types/lodash" "^4.14.168"
    axios "^0.21.1"
    dayjs "^1.10.4"
    hashids "^2.2.8"
    lodash "^4.17.21"

coa-secure@^1.1.2:
  version "1.1.2"
  resolved "https://registry.npm.taobao.org/coa-secure/download/coa-secure-1.1.2.tgz#4c5413db2671aa19d0cd4440cb22da84eaaf8b12"
  integrity sha1-TFQT2yZxqhnQzURAyyLahOqvixI=

dayjs@^1.10.4:
  version "1.10.4"
  resolved "https://registry.npm.taobao.org/dayjs/download/dayjs-1.10.4.tgz?cache=0&sync_timestamp=1611309982734&other_urls=https%3A%2F%2Fregistry.npm.taobao.org%2Fdayjs%2Fdownload%2Fdayjs-1.10.4.tgz#8e544a9b8683f61783f570980a8a80eaf54ab1e2"
  integrity sha1-jlRKm4aD9heD9XCYCoqA6vVKseI=

follow-redirects@^1.10.0:
  version "1.13.3"
  resolved "https://registry.npm.taobao.org/follow-redirects/download/follow-redirects-1.13.3.tgz#e5598ad50174c1bc4e872301e82ac2cd97f90267"
  integrity sha1-5VmK1QF0wbxOhyMB6CrCzZf5Amc=

hashids@^2.2.8:
  version "2.2.8"
  resolved "https://registry.npm.taobao.org/hashids/download/hashids-2.2.8.tgz#d1e4e1be48e711ad6e5f27b32c37c399d5eeb5b4"
  integrity sha1-0eThvkjnEa1uXyezLDfDmdXutbQ=

lodash@^4.17.21:
  version "4.17.21"
  resolved "https://registry.npm.taobao.org/lodash/download/lodash-4.17.21.tgz?cache=0&sync_timestamp=1613835860585&other_urls=https%3A%2F%2Fregistry.npm.taobao.org%2Flodash%2Fdownload%2Flodash-4.17.21.tgz#679591c564c3bffaae8454cf0b3df370c3d6911c"
  integrity sha1-Z5WRxWTDv/quhFTPCz3zcMPWkRw=

source-map-support@^0.5.19:
  version "0.5.19"
  resolved "https://registry.npm.taobao.org/source-map-support/download/source-map-support-0.5.19.tgz#a98b62f86dcaf4f67399648c085291ab9e8fed61"
  integrity sha1-qYti+G3K9PZzmWSMCFKRq56P7WE=
  dependencies:
    buffer-from "^1.0.0"
    source-map "^0.6.0"

source-map@^0.6.0:
  version "0.6.1"
  resolved "https://registry.npm.taobao.org/source-map/download/source-map-0.6.1.tgz#74722af32e9614e9c287a8d0bbde48b5e2f1a263"
  integrity sha1-dHIq8y6WFOnCh6jQu95IteLxomM=

typescript@^4.2.3:
  version "4.2.3"
  resolved "https://registry.npm.taobao.org/typescript/download/typescript-4.2.3.tgz#39062d8019912d43726298f09493d598048c1ce3"
  integrity sha1-OQYtgBmRLUNyYpjwlJPVmASMHOM=
